{
  "version": 4,
  "terraform_version": "1.5.2",
  "serial": 3,
  "lineage": "45d5aad9-e663-6559-39fa-20bcea74f795",
  "outputs": {},
  "resources": [
    {
      "mode": "managed",
      "type": "azurerm_virtual_network",
      "name": "my-resources",
      "provider": "provider[\"registry.terraform.io/hashicorp/azurerm\"]",
      "instances": [
        {
          "schema_version": 0,
          "attributes": {
            "address_space": [
              "10.1.0.0/16"
            ],
            "bgp_community": "",
            "ddos_protection_plan": [],
            "dns_servers": [],
            "edge_zone": "",
            "flow_timeout_in_minutes": 0,
            "guid": "d74288f0-379c-4f36-9faa-af5549a18dd7",
            "id": "/subscriptions/c56aea2c-50de-4adc-9673-6a8008892c21/resourceGroups/Samantha_M/providers/Microsoft.Network/virtualNetworks/my-resources",
            "location": "westeurope",
            "name": "my-resources",
            "resource_group_name": "Samantha_M",
            "subnet": [
              {
                "address_prefix": "10.1.1.0/24",
                "id": "/subscriptions/c56aea2c-50de-4adc-9673-6a8008892c21/resourceGroups/Samantha_M/providers/Microsoft.Network/virtualNetworks/my-resources/subnets/subnet1",
                "name": "subnet1",
                "security_group": ""
              },
              {
                "address_prefix": "10.1.2.0/24",
                "id": "/subscriptions/c56aea2c-50de-4adc-9673-6a8008892c21/resourceGroups/Samantha_M/providers/Microsoft.Network/virtualNetworks/my-resources/subnets/subnet2",
                "name": "subnet2",
                "security_group": ""
              }
            ],
            "tags": {
              "TP": "terraform-azure-vnet"
            },
            "timeouts": null
          },
          "sensitive_attributes": [],
          "private": "eyJlMmJmYjczMC1lY2FhLTExZTYtOGY4OC0zNDM2M2JjN2M0YzAiOnsiY3JlYXRlIjoxODAwMDAwMDAwMDAwLCJkZWxldGUiOjE4MDAwMDAwMDAwMDAsInJlYWQiOjMwMDAwMDAwMDAwMCwidXBkYXRlIjoxODAwMDAwMDAwMDAwfX0="
        }
      ]
    }
  ],
  "check_results": null
}
